
Microsoft Visual Studio Solution File, Format Version 12.00
Project("{FAE04EC0-301F-11D3-BF4B-00C04F79EFBC}") = "Chat", "Chat\Chat.csproj", "{D264E72C-966B-4581-9D73-3F09F0BD8121}"
EndProject
Global
	GlobalSection(SolutionConfigurationPlatforms) = preSolution
		Debug|Any CPU = Debug|Any CPU
		Release|Any CPU = Release|Any CPU
	EndGlobalSection
	GlobalSection(ProjectConfigurationPlatforms) = postSolution
		{D264E72C-966B-4581-9D73-3F09F0BD8121}.Debug|Any CPU.ActiveCfg = Debug|Any CPU
		{D264E72C-966B-4581-9D73-3F09F0BD8121}.Debug|Any CPU.Build.0 = Debug|Any CPU
		{D264E72C-966B-4581-9D73-3F09F0BD8121}.Release|Any CPU.ActiveCfg = Release|Any CPU
		{D264E72C-966B-4581-9D73-3F09F0BD8121}.Release|Any CPU.Build.0 = Release|Any CPU
	EndGlobalSection
EndGlobal
